
Microsoft Visual Studio Solution File, Format Version 12.00
# Visual Studio Version 16
VisualStudioVersion = 16.0.30804.86
MinimumVisualStudioVersion = 10.0.40219.1
Project("{FAE04EC0-301F-11D3-BF4B-00C04F79EFBC}") = "GranbyTechTest", "GranbyTechTest\GranbyTechTest.csproj", "{13DB780F-FF2B-4BF1-8D64-9B34053D9B9D}"
EndProject
Project("{FAE04EC0-301F-11D3-BF4B-00C04F79EFBC}") = "GranbyTechTest.Tests", "GranbyTechTest.Tests\GranbyTechTest.Tests.csproj", "{CA325F20-C69B-49E0-A601-B0D28CC00BF2}"
EndProject
Global
	GlobalSection(SolutionConfigurationPlatforms) = preSolution
		Debug|Any CPU = Debug|Any CPU
		Release|Any CPU = Release|Any CPU
	EndGlobalSection
	GlobalSection(ProjectConfigurationPlatforms) = postSolution
		{13DB780F-FF2B-4BF1-8D64-9B34053D9B9D}.Debug|Any CPU.ActiveCfg = Debug|Any CPU
		{13DB780F-FF2B-4BF1-8D64-9B34053D9B9D}.Debug|Any CPU.Build.0 = Debug|Any CPU
		{13DB780F-FF2B-4BF1-8D64-9B34053D9B9D}.Release|Any CPU.ActiveCfg = Release|Any CPU
		{13DB780F-FF2B-4BF1-8D64-9B34053D9B9D}.Release|Any CPU.Build.0 = Release|Any CPU
		{CA325F20-C69B-49E0-A601-B0D28CC00BF2}.Debug|Any CPU.ActiveCfg = Debug|Any CPU
		{CA325F20-C69B-49E0-A601-B0D28CC00BF2}.Debug|Any CPU.Build.0 = Debug|Any CPU
		{CA325F20-C69B-49E0-A601-B0D28CC00BF2}.Release|Any CPU.ActiveCfg = Release|Any CPU
		{CA325F20-C69B-49E0-A601-B0D28CC00BF2}.Release|Any CPU.Build.0 = Release|Any CPU
	EndGlobalSection
	GlobalSection(SolutionProperties) = preSolution
		HideSolutionNode = FALSE
	EndGlobalSection
	GlobalSection(ExtensibilityGlobals) = postSolution
		SolutionGuid = {C1AB6E43-136C-4263-B3EA-323CC2D9E20C}
	EndGlobalSection
EndGlobal
